
Microsoft Visual Studio Solution File, Format Version 12.00
# Visual Studio Version 16
VisualStudioVersion = 16.0.31313.79
MinimumVisualStudioVersion = 10.0.40219.1
Project("{FAE04EC0-301F-11D3-BF4B-00C04F79EFBC}") = "RandomSongGenerator", "RandomSongGenerator\RandomSongGenerator.csproj", "{72CE2151-4159-4CB4-BB3F-4C6F48D61CFD}"
EndProject
Global
	GlobalSection(SolutionConfigurationPlatforms) = preSolution
		Debug|Any CPU = Debug|Any CPU
		Release|Any CPU = Release|Any CPU
	EndGlobalSection
	GlobalSection(ProjectConfigurationPlatforms) = postSolution
		{72CE2151-4159-4CB4-BB3F-4C6F48D61CFD}.Debug|Any CPU.ActiveCfg = Debug|Any CPU
		{72CE2151-4159-4CB4-BB3F-4C6F48D61CFD}.Debug|Any CPU.Build.0 = Debug|Any CPU
		{72CE2151-4159-4CB4-BB3F-4C6F48D61CFD}.Release|Any CPU.ActiveCfg = Release|Any CPU
		{72CE2151-4159-4CB4-BB3F-4C6F48D61CFD}.Release|Any CPU.Build.0 = Release|Any CPU
	EndGlobalSection
	GlobalSection(SolutionProperties) = preSolution
		HideSolutionNode = FALSE
	EndGlobalSection
	GlobalSection(ExtensibilityGlobals) = postSolution
		SolutionGuid = {A133F159-1214-449F-9140-F0A53FD8959F}
	EndGlobalSection
EndGlobal
